
Microsoft Visual Studio Solution File, Format Version 12.00
# Visual Studio Version 16
VisualStudioVersion = 16.0.30804.86
MinimumVisualStudioVersion = 10.0.40219.1
Project("{FAE04EC0-301F-11D3-BF4B-00C04F79EFBC}") = "DZ1", "DZ1\DZ1.csproj", "{3D9F577F-B9D1-4A9E-B2DB-7FC35B1E16CB}"
EndProject
Global
	GlobalSection(SolutionConfigurationPlatforms) = preSolution
		Debug|Any CPU = Debug|Any CPU
		Release|Any CPU = Release|Any CPU
	EndGlobalSection
	GlobalSection(ProjectConfigurationPlatforms) = postSolution
		{3D9F577F-B9D1-4A9E-B2DB-7FC35B1E16CB}.Debug|Any CPU.ActiveCfg = Debug|Any CPU
		{3D9F577F-B9D1-4A9E-B2DB-7FC35B1E16CB}.Debug|Any CPU.Build.0 = Debug|Any CPU
		{3D9F577F-B9D1-4A9E-B2DB-7FC35B1E16CB}.Release|Any CPU.ActiveCfg = Release|Any CPU
		{3D9F577F-B9D1-4A9E-B2DB-7FC35B1E16CB}.Release|Any CPU.Build.0 = Release|Any CPU
	EndGlobalSection
	GlobalSection(SolutionProperties) = preSolution
		HideSolutionNode = FALSE
	EndGlobalSection
	GlobalSection(ExtensibilityGlobals) = postSolution
		SolutionGuid = {BB179E09-3657-49C4-B3F1-427A01E1D4D3}
	EndGlobalSection
EndGlobal
